
Microsoft Visual Studio Solution File, Format Version 12.00
# Visual Studio 15
VisualStudioVersion = 15.0.27130.2036
MinimumVisualStudioVersion = 10.0.40219.1
Project("{8BC9CEB8-8B4A-11D0-8D11-00A0C91BC942}") = "프린트7-Q1", "프린트7-Q1\프린트7-Q1.vcxproj", "{B1DD9998-C5B3-49E4-9EC4-CD69FEC27C71}"
EndProject
Global
	GlobalSection(SolutionConfigurationPlatforms) = preSolution
		Debug|x64 = Debug|x64
		Debug|x86 = Debug|x86
		Release|x64 = Release|x64
		Release|x86 = Release|x86
	EndGlobalSection
	GlobalSection(ProjectConfigurationPlatforms) = postSolution
		{B1DD9998-C5B3-49E4-9EC4-CD69FEC27C71}.Debug|x64.ActiveCfg = Debug|x64
		{B1DD9998-C5B3-49E4-9EC4-CD69FEC27C71}.Debug|x64.Build.0 = Debug|x64
		{B1DD9998-C5B3-49E4-9EC4-CD69FEC27C71}.Debug|x86.ActiveCfg = Debug|Win32
		{B1DD9998-C5B3-49E4-9EC4-CD69FEC27C71}.Debug|x86.Build.0 = Debug|Win32
		{B1DD9998-C5B3-49E4-9EC4-CD69FEC27C71}.Release|x64.ActiveCfg = Release|x64
		{B1DD9998-C5B3-49E4-9EC4-CD69FEC27C71}.Release|x64.Build.0 = Release|x64
		{B1DD9998-C5B3-49E4-9EC4-CD69FEC27C71}.Release|x86.ActiveCfg = Release|Win32
		{B1DD9998-C5B3-49E4-9EC4-CD69FEC27C71}.Release|x86.Build.0 = Release|Win32
	EndGlobalSection
	GlobalSection(SolutionProperties) = preSolution
		HideSolutionNode = FALSE
	EndGlobalSection
	GlobalSection(ExtensibilityGlobals) = postSolution
		SolutionGuid = {FA01229E-C2DA-4E4D-9456-04DAF48D57E5}
	EndGlobalSection
EndGlobal
