
Microsoft Visual Studio Solution File, Format Version 12.00
# Visual Studio 15
VisualStudioVersion = 15.0.27130.2036
MinimumVisualStudioVersion = 10.0.40219.1
Project("{8BC9CEB8-8B4A-11D0-8D11-00A0C91BC942}") = "if문 -Q1", "if문 -Q1\if문 -Q1.vcxproj", "{CF10F001-71F3-4745-B5AF-1EC84FC55B90}"
EndProject
Global
	GlobalSection(SolutionConfigurationPlatforms) = preSolution
		Debug|x64 = Debug|x64
		Debug|x86 = Debug|x86
		Release|x64 = Release|x64
		Release|x86 = Release|x86
	EndGlobalSection
	GlobalSection(ProjectConfigurationPlatforms) = postSolution
		{CF10F001-71F3-4745-B5AF-1EC84FC55B90}.Debug|x64.ActiveCfg = Debug|x64
		{CF10F001-71F3-4745-B5AF-1EC84FC55B90}.Debug|x64.Build.0 = Debug|x64
		{CF10F001-71F3-4745-B5AF-1EC84FC55B90}.Debug|x86.ActiveCfg = Debug|Win32
		{CF10F001-71F3-4745-B5AF-1EC84FC55B90}.Debug|x86.Build.0 = Debug|Win32
		{CF10F001-71F3-4745-B5AF-1EC84FC55B90}.Release|x64.ActiveCfg = Release|x64
		{CF10F001-71F3-4745-B5AF-1EC84FC55B90}.Release|x64.Build.0 = Release|x64
		{CF10F001-71F3-4745-B5AF-1EC84FC55B90}.Release|x86.ActiveCfg = Release|Win32
		{CF10F001-71F3-4745-B5AF-1EC84FC55B90}.Release|x86.Build.0 = Release|Win32
	EndGlobalSection
	GlobalSection(SolutionProperties) = preSolution
		HideSolutionNode = FALSE
	EndGlobalSection
	GlobalSection(ExtensibilityGlobals) = postSolution
		SolutionGuid = {5A750EE2-61DE-41B6-8641-766916601071}
	EndGlobalSection
EndGlobal
