
Microsoft Visual Studio Solution File, Format Version 12.00
# Visual Studio 15
VisualStudioVersion = 15.0.27130.2036
MinimumVisualStudioVersion = 10.0.40219.1
Project("{8BC9CEB8-8B4A-11D0-8D11-00A0C91BC942}") = "if문 교과서 예제 1", "if문 교과서 예제 1\if문 교과서 예제 1.vcxproj", "{CEEC7ECF-55B6-44A0-9182-2058A5285B10}"
EndProject
Global
	GlobalSection(SolutionConfigurationPlatforms) = preSolution
		Debug|x64 = Debug|x64
		Debug|x86 = Debug|x86
		Release|x64 = Release|x64
		Release|x86 = Release|x86
	EndGlobalSection
	GlobalSection(ProjectConfigurationPlatforms) = postSolution
		{CEEC7ECF-55B6-44A0-9182-2058A5285B10}.Debug|x64.ActiveCfg = Debug|x64
		{CEEC7ECF-55B6-44A0-9182-2058A5285B10}.Debug|x64.Build.0 = Debug|x64
		{CEEC7ECF-55B6-44A0-9182-2058A5285B10}.Debug|x86.ActiveCfg = Debug|Win32
		{CEEC7ECF-55B6-44A0-9182-2058A5285B10}.Debug|x86.Build.0 = Debug|Win32
		{CEEC7ECF-55B6-44A0-9182-2058A5285B10}.Release|x64.ActiveCfg = Release|x64
		{CEEC7ECF-55B6-44A0-9182-2058A5285B10}.Release|x64.Build.0 = Release|x64
		{CEEC7ECF-55B6-44A0-9182-2058A5285B10}.Release|x86.ActiveCfg = Release|Win32
		{CEEC7ECF-55B6-44A0-9182-2058A5285B10}.Release|x86.Build.0 = Release|Win32
	EndGlobalSection
	GlobalSection(SolutionProperties) = preSolution
		HideSolutionNode = FALSE
	EndGlobalSection
	GlobalSection(ExtensibilityGlobals) = postSolution
		SolutionGuid = {DD2CD05F-CA1D-4D62-B023-7405EAFAE8CD}
	EndGlobalSection
EndGlobal
