
Microsoft Visual Studio Solution File, Format Version 12.00
# Visual Studio 15
VisualStudioVersion = 15.0.27703.1
MinimumVisualStudioVersion = 10.0.40219.1
Project("{8BC9CEB8-8B4A-11D0-8D11-00A0C91BC942}") = "예제1-1", "예제1-1\예제1-1.vcxproj", "{0E2BE3FA-7C34-4E04-AD48-A02B41328695}"
EndProject
Global
	GlobalSection(SolutionConfigurationPlatforms) = preSolution
		Debug|x64 = Debug|x64
		Debug|x86 = Debug|x86
		Release|x64 = Release|x64
		Release|x86 = Release|x86
	EndGlobalSection
	GlobalSection(ProjectConfigurationPlatforms) = postSolution
		{0E2BE3FA-7C34-4E04-AD48-A02B41328695}.Debug|x64.ActiveCfg = Debug|x64
		{0E2BE3FA-7C34-4E04-AD48-A02B41328695}.Debug|x64.Build.0 = Debug|x64
		{0E2BE3FA-7C34-4E04-AD48-A02B41328695}.Debug|x86.ActiveCfg = Debug|Win32
		{0E2BE3FA-7C34-4E04-AD48-A02B41328695}.Debug|x86.Build.0 = Debug|Win32
		{0E2BE3FA-7C34-4E04-AD48-A02B41328695}.Release|x64.ActiveCfg = Release|x64
		{0E2BE3FA-7C34-4E04-AD48-A02B41328695}.Release|x64.Build.0 = Release|x64
		{0E2BE3FA-7C34-4E04-AD48-A02B41328695}.Release|x86.ActiveCfg = Release|Win32
		{0E2BE3FA-7C34-4E04-AD48-A02B41328695}.Release|x86.Build.0 = Release|Win32
	EndGlobalSection
	GlobalSection(SolutionProperties) = preSolution
		HideSolutionNode = FALSE
	EndGlobalSection
	GlobalSection(ExtensibilityGlobals) = postSolution
		SolutionGuid = {CC0C4DF7-BC2B-41AD-8B60-9E474FFA0013}
	EndGlobalSection
EndGlobal
