
Microsoft Visual Studio Solution File, Format Version 12.00
# Visual Studio 15
VisualStudioVersion = 15.0.27703.1
MinimumVisualStudioVersion = 10.0.40219.1
Project("{8BC9CEB8-8B4A-11D0-8D11-00A0C91BC942}") = "text-6", "text-6\text-6.vcxproj", "{B28CC5EB-E4E8-43DB-AB49-B2D0E0F467CB}"
EndProject
Global
	GlobalSection(SolutionConfigurationPlatforms) = preSolution
		Debug|x64 = Debug|x64
		Debug|x86 = Debug|x86
		Release|x64 = Release|x64
		Release|x86 = Release|x86
	EndGlobalSection
	GlobalSection(ProjectConfigurationPlatforms) = postSolution
		{B28CC5EB-E4E8-43DB-AB49-B2D0E0F467CB}.Debug|x64.ActiveCfg = Debug|x64
		{B28CC5EB-E4E8-43DB-AB49-B2D0E0F467CB}.Debug|x64.Build.0 = Debug|x64
		{B28CC5EB-E4E8-43DB-AB49-B2D0E0F467CB}.Debug|x86.ActiveCfg = Debug|Win32
		{B28CC5EB-E4E8-43DB-AB49-B2D0E0F467CB}.Debug|x86.Build.0 = Debug|Win32
		{B28CC5EB-E4E8-43DB-AB49-B2D0E0F467CB}.Release|x64.ActiveCfg = Release|x64
		{B28CC5EB-E4E8-43DB-AB49-B2D0E0F467CB}.Release|x64.Build.0 = Release|x64
		{B28CC5EB-E4E8-43DB-AB49-B2D0E0F467CB}.Release|x86.ActiveCfg = Release|Win32
		{B28CC5EB-E4E8-43DB-AB49-B2D0E0F467CB}.Release|x86.Build.0 = Release|Win32
	EndGlobalSection
	GlobalSection(SolutionProperties) = preSolution
		HideSolutionNode = FALSE
	EndGlobalSection
	GlobalSection(ExtensibilityGlobals) = postSolution
		SolutionGuid = {0DFBB969-D7DF-4BD8-9D1C-06976324E005}
	EndGlobalSection
EndGlobal
