
Microsoft Visual Studio Solution File, Format Version 12.00
# Visual Studio 15
VisualStudioVersion = 15.0.27130.2036
MinimumVisualStudioVersion = 10.0.40219.1
Project("{8BC9CEB8-8B4A-11D0-8D11-00A0C91BC942}") = "센티 미리", "센티 미리\센티 미리.vcxproj", "{DDBCD43A-3F9F-4EAE-A3E7-CAF5D13BF97E}"
EndProject
Global
	GlobalSection(SolutionConfigurationPlatforms) = preSolution
		Debug|x64 = Debug|x64
		Debug|x86 = Debug|x86
		Release|x64 = Release|x64
		Release|x86 = Release|x86
	EndGlobalSection
	GlobalSection(ProjectConfigurationPlatforms) = postSolution
		{DDBCD43A-3F9F-4EAE-A3E7-CAF5D13BF97E}.Debug|x64.ActiveCfg = Debug|x64
		{DDBCD43A-3F9F-4EAE-A3E7-CAF5D13BF97E}.Debug|x64.Build.0 = Debug|x64
		{DDBCD43A-3F9F-4EAE-A3E7-CAF5D13BF97E}.Debug|x86.ActiveCfg = Debug|Win32
		{DDBCD43A-3F9F-4EAE-A3E7-CAF5D13BF97E}.Debug|x86.Build.0 = Debug|Win32
		{DDBCD43A-3F9F-4EAE-A3E7-CAF5D13BF97E}.Release|x64.ActiveCfg = Release|x64
		{DDBCD43A-3F9F-4EAE-A3E7-CAF5D13BF97E}.Release|x64.Build.0 = Release|x64
		{DDBCD43A-3F9F-4EAE-A3E7-CAF5D13BF97E}.Release|x86.ActiveCfg = Release|Win32
		{DDBCD43A-3F9F-4EAE-A3E7-CAF5D13BF97E}.Release|x86.Build.0 = Release|Win32
	EndGlobalSection
	GlobalSection(SolutionProperties) = preSolution
		HideSolutionNode = FALSE
	EndGlobalSection
	GlobalSection(ExtensibilityGlobals) = postSolution
		SolutionGuid = {2DB66711-66C0-4912-943A-C731BA6DEE5E}
	EndGlobalSection
EndGlobal
